
Microsoft Visual Studio Solution File, Format Version 12.00
# Visual Studio Version 17
VisualStudioVersion = 17.9.34723.18
MinimumVisualStudioVersion = 10.0.40219.1
Project("{FAE04EC0-301F-11D3-BF4B-00C04F79EFBC}") = "MewingLab", "MewingLab.csproj", "{6F692491-0275-4D4C-BC60-FEE7D79B407E}"
EndProject
Project("{FAE04EC0-301F-11D3-BF4B-00C04F79EFBC}") = "Mail_LIB", "..\Mail_LIB\Mail_LIB.csproj", "{C9040604-A9CE-48BF-A9AF-8B80391D1477}"
EndProject
Global
	GlobalSection(SolutionConfigurationPlatforms) = preSolution
		Debug|Any CPU = Debug|Any CPU
		Release|Any CPU = Release|Any CPU
	EndGlobalSection
	GlobalSection(ProjectConfigurationPlatforms) = postSolution
		{6F692491-0275-4D4C-BC60-FEE7D79B407E}.Debug|Any CPU.ActiveCfg = Debug|Any CPU
		{6F692491-0275-4D4C-BC60-FEE7D79B407E}.Debug|Any CPU.Build.0 = Debug|Any CPU
		{6F692491-0275-4D4C-BC60-FEE7D79B407E}.Release|Any CPU.ActiveCfg = Release|Any CPU
		{6F692491-0275-4D4C-BC60-FEE7D79B407E}.Release|Any CPU.Build.0 = Release|Any CPU
		{C9040604-A9CE-48BF-A9AF-8B80391D1477}.Debug|Any CPU.ActiveCfg = Debug|Any CPU
		{C9040604-A9CE-48BF-A9AF-8B80391D1477}.Debug|Any CPU.Build.0 = Debug|Any CPU
		{C9040604-A9CE-48BF-A9AF-8B80391D1477}.Release|Any CPU.ActiveCfg = Release|Any CPU
		{C9040604-A9CE-48BF-A9AF-8B80391D1477}.Release|Any CPU.Build.0 = Release|Any CPU
	EndGlobalSection
	GlobalSection(SolutionProperties) = preSolution
		HideSolutionNode = FALSE
	EndGlobalSection
	GlobalSection(ExtensibilityGlobals) = postSolution
		SolutionGuid = {FF73407D-6174-4F06-A370-C717330378D6}
	EndGlobalSection
EndGlobal
